
Microsoft Visual Studio Solution File, Format Version 12.00
# Visual Studio 2012
Project("{F184B08F-C81C-45F6-A57F-5ABD9991F28F}") = "SDI INVENTARIO", "proyector\SDI INVENTARIO.vbproj", "{8AA444C1-2F7E-496E-80FE-E39712C3FF67}"
EndProject
Project("{6141683F-8A12-4E36-9623-2EB02B2C2303}") = "Setup1", "Setup1\Setup1.isproj", "{D8B27AA7-286F-4CC3-8B36-CD51299C0EB8}"
EndProject
Global
	GlobalSection(SolutionConfigurationPlatforms) = preSolution
		CD_ROM|Any CPU = CD_ROM|Any CPU
		Debug|Any CPU = Debug|Any CPU
		DVD-5|Any CPU = DVD-5|Any CPU
		Release|Any CPU = Release|Any CPU
		SingleImage|Any CPU = SingleImage|Any CPU
	EndGlobalSection
	GlobalSection(ProjectConfigurationPlatforms) = postSolution
		{8AA444C1-2F7E-496E-80FE-E39712C3FF67}.CD_ROM|Any CPU.ActiveCfg = Release|Any CPU
		{8AA444C1-2F7E-496E-80FE-E39712C3FF67}.CD_ROM|Any CPU.Build.0 = Release|Any CPU
		{8AA444C1-2F7E-496E-80FE-E39712C3FF67}.Debug|Any CPU.ActiveCfg = Debug|Any CPU
		{8AA444C1-2F7E-496E-80FE-E39712C3FF67}.Debug|Any CPU.Build.0 = Debug|Any CPU
		{8AA444C1-2F7E-496E-80FE-E39712C3FF67}.DVD-5|Any CPU.ActiveCfg = Debug|Any CPU
		{8AA444C1-2F7E-496E-80FE-E39712C3FF67}.DVD-5|Any CPU.Build.0 = Debug|Any CPU
		{8AA444C1-2F7E-496E-80FE-E39712C3FF67}.Release|Any CPU.ActiveCfg = Release|Any CPU
		{8AA444C1-2F7E-496E-80FE-E39712C3FF67}.Release|Any CPU.Build.0 = Release|Any CPU
		{8AA444C1-2F7E-496E-80FE-E39712C3FF67}.SingleImage|Any CPU.ActiveCfg = Release|Any CPU
		{8AA444C1-2F7E-496E-80FE-E39712C3FF67}.SingleImage|Any CPU.Build.0 = Release|Any CPU
		{D8B27AA7-286F-4CC3-8B36-CD51299C0EB8}.CD_ROM|Any CPU.ActiveCfg = CD_ROM
		{D8B27AA7-286F-4CC3-8B36-CD51299C0EB8}.CD_ROM|Any CPU.Build.0 = CD_ROM
		{D8B27AA7-286F-4CC3-8B36-CD51299C0EB8}.Debug|Any CPU.ActiveCfg = DVD-5
		{D8B27AA7-286F-4CC3-8B36-CD51299C0EB8}.Debug|Any CPU.Build.0 = DVD-5
		{D8B27AA7-286F-4CC3-8B36-CD51299C0EB8}.DVD-5|Any CPU.ActiveCfg = DVD-5
		{D8B27AA7-286F-4CC3-8B36-CD51299C0EB8}.DVD-5|Any CPU.Build.0 = DVD-5
		{D8B27AA7-286F-4CC3-8B36-CD51299C0EB8}.Release|Any CPU.ActiveCfg = SingleImage
		{D8B27AA7-286F-4CC3-8B36-CD51299C0EB8}.Release|Any CPU.Build.0 = SingleImage
		{D8B27AA7-286F-4CC3-8B36-CD51299C0EB8}.SingleImage|Any CPU.ActiveCfg = SingleImage
		{D8B27AA7-286F-4CC3-8B36-CD51299C0EB8}.SingleImage|Any CPU.Build.0 = SingleImage
	EndGlobalSection
	GlobalSection(SolutionProperties) = preSolution
		HideSolutionNode = FALSE
	EndGlobalSection
EndGlobal
